
Microsoft Visual Studio Solution File, Format Version 12.00
# Visual Studio Version 17
VisualStudioVersion = 17.0.31903.59
MinimumVisualStudioVersion = 10.0.40219.1
Project("{2150E333-8FDC-42A3-9474-1A3956D46DE8}") = "src", "src", "{827E0CD3-B72D-47B6-A68D-7590B98EB39B}"
EndProject
Project("{FAE04EC0-301F-11D3-BF4B-00C04F79EFBC}") = "Ses.Local.Core", "src\Ses.Local.Core\Ses.Local.Core.csproj", "{B34E5299-798E-49EF-A2A1-91CA91676101}"
EndProject
Project("{FAE04EC0-301F-11D3-BF4B-00C04F79EFBC}") = "Ses.Local.Workers", "src\Ses.Local.Workers\Ses.Local.Workers.csproj", "{FC710E7B-37C9-426E-A62C-D6430B06AF7D}"
EndProject
Project("{FAE04EC0-301F-11D3-BF4B-00C04F79EFBC}") = "Ses.Local.Tray", "src\Ses.Local.Tray\Ses.Local.Tray.csproj", "{EC724759-9032-4796-B25D-654234234049}"
EndProject
Project("{FAE04EC0-301F-11D3-BF4B-00C04F79EFBC}") = "Ses.Local.Hooks", "src\Ses.Local.Hooks\Ses.Local.Hooks.csproj", "{548D5F27-9221-40FA-8632-6971BDED490C}"
EndProject
Project("{2150E333-8FDC-42A3-9474-1A3956D46DE8}") = "tests", "tests", "{0AB3BF05-4346-4AA6-1389-037BE0695223}"
EndProject
Project("{FAE04EC0-301F-11D3-BF4B-00C04F79EFBC}") = "Ses.Local.Core.Tests", "tests\Ses.Local.Core.Tests\Ses.Local.Core.Tests.csproj", "{26627B93-8106-4993-8BF6-1D3718D10D65}"
EndProject
Project("{FAE04EC0-301F-11D3-BF4B-00C04F79EFBC}") = "Ses.Local.Workers.Tests", "tests\Ses.Local.Workers.Tests\Ses.Local.Workers.Tests.csproj", "{CAD6C9DE-973E-44F1-81D7-392B5035908B}"
EndProject
Global
	GlobalSection(SolutionConfigurationPlatforms) = preSolution
		Debug|Any CPU = Debug|Any CPU
		Debug|x64 = Debug|x64
		Debug|x86 = Debug|x86
		Release|Any CPU = Release|Any CPU
		Release|x64 = Release|x64
		Release|x86 = Release|x86
	EndGlobalSection
	GlobalSection(ProjectConfigurationPlatforms) = postSolution
		{B34E5299-798E-49EF-A2A1-91CA91676101}.Debug|Any CPU.ActiveCfg = Debug|Any CPU
		{B34E5299-798E-49EF-A2A1-91CA91676101}.Debug|Any CPU.Build.0 = Debug|Any CPU
		{B34E5299-798E-49EF-A2A1-91CA91676101}.Debug|x64.ActiveCfg = Debug|Any CPU
		{B34E5299-798E-49EF-A2A1-91CA91676101}.Debug|x64.Build.0 = Debug|Any CPU
		{B34E5299-798E-49EF-A2A1-91CA91676101}.Debug|x86.ActiveCfg = Debug|Any CPU
		{B34E5299-798E-49EF-A2A1-91CA91676101}.Debug|x86.Build.0 = Debug|Any CPU
		{B34E5299-798E-49EF-A2A1-91CA91676101}.Release|Any CPU.ActiveCfg = Release|Any CPU
		{B34E5299-798E-49EF-A2A1-91CA91676101}.Release|Any CPU.Build.0 = Release|Any CPU
		{B34E5299-798E-49EF-A2A1-91CA91676101}.Release|x64.ActiveCfg = Release|Any CPU
		{B34E5299-798E-49EF-A2A1-91CA91676101}.Release|x64.Build.0 = Release|Any CPU
		{B34E5299-798E-49EF-A2A1-91CA91676101}.Release|x86.ActiveCfg = Release|Any CPU
		{B34E5299-798E-49EF-A2A1-91CA91676101}.Release|x86.Build.0 = Release|Any CPU
		{FC710E7B-37C9-426E-A62C-D6430B06AF7D}.Debug|Any CPU.ActiveCfg = Debug|Any CPU
		{FC710E7B-37C9-426E-A62C-D6430B06AF7D}.Debug|Any CPU.Build.0 = Debug|Any CPU
		{FC710E7B-37C9-426E-A62C-D6430B06AF7D}.Debug|x64.ActiveCfg = Debug|Any CPU
		{FC710E7B-37C9-426E-A62C-D6430B06AF7D}.Debug|x64.Build.0 = Debug|Any CPU
		{FC710E7B-37C9-426E-A62C-D6430B06AF7D}.Debug|x86.ActiveCfg = Debug|Any CPU
		{FC710E7B-37C9-426E-A62C-D6430B06AF7D}.Debug|x86.Build.0 = Debug|Any CPU
		{FC710E7B-37C9-426E-A62C-D6430B06AF7D}.Release|Any CPU.ActiveCfg = Release|Any CPU
		{FC710E7B-37C9-426E-A62C-D6430B06AF7D}.Release|Any CPU.Build.0 = Release|Any CPU
		{FC710E7B-37C9-426E-A62C-D6430B06AF7D}.Release|x64.ActiveCfg = Release|Any CPU
		{FC710E7B-37C9-426E-A62C-D6430B06AF7D}.Release|x64.Build.0 = Release|Any CPU
		{FC710E7B-37C9-426E-A62C-D6430B06AF7D}.Release|x86.ActiveCfg = Release|Any CPU
		{FC710E7B-37C9-426E-A62C-D6430B06AF7D}.Release|x86.Build.0 = Release|Any CPU
		{EC724759-9032-4796-B25D-654234234049}.Debug|Any CPU.ActiveCfg = Debug|Any CPU
		{EC724759-9032-4796-B25D-654234234049}.Debug|Any CPU.Build.0 = Debug|Any CPU
		{EC724759-9032-4796-B25D-654234234049}.Debug|x64.ActiveCfg = Debug|Any CPU
		{EC724759-9032-4796-B25D-654234234049}.Debug|x64.Build.0 = Debug|Any CPU
		{EC724759-9032-4796-B25D-654234234049}.Debug|x86.ActiveCfg = Debug|Any CPU
		{EC724759-9032-4796-B25D-654234234049}.Debug|x86.Build.0 = Debug|Any CPU
		{EC724759-9032-4796-B25D-654234234049}.Release|Any CPU.ActiveCfg = Release|Any CPU
		{EC724759-9032-4796-B25D-654234234049}.Release|Any CPU.Build.0 = Release|Any CPU
		{EC724759-9032-4796-B25D-654234234049}.Release|x64.ActiveCfg = Release|Any CPU
		{EC724759-9032-4796-B25D-654234234049}.Release|x64.Build.0 = Release|Any CPU
		{EC724759-9032-4796-B25D-654234234049}.Release|x86.ActiveCfg = Release|Any CPU
		{EC724759-9032-4796-B25D-654234234049}.Release|x86.Build.0 = Release|Any CPU
		{548D5F27-9221-40FA-8632-6971BDED490C}.Debug|Any CPU.ActiveCfg = Debug|Any CPU
		{548D5F27-9221-40FA-8632-6971BDED490C}.Debug|Any CPU.Build.0 = Debug|Any CPU
		{548D5F27-9221-40FA-8632-6971BDED490C}.Debug|x64.ActiveCfg = Debug|Any CPU
		{548D5F27-9221-40FA-8632-6971BDED490C}.Debug|x64.Build.0 = Debug|Any CPU
		{548D5F27-9221-40FA-8632-6971BDED490C}.Debug|x86.ActiveCfg = Debug|Any CPU
		{548D5F27-9221-40FA-8632-6971BDED490C}.Debug|x86.Build.0 = Debug|Any CPU
		{548D5F27-9221-40FA-8632-6971BDED490C}.Release|Any CPU.ActiveCfg = Release|Any CPU
		{548D5F27-9221-40FA-8632-6971BDED490C}.Release|Any CPU.Build.0 = Release|Any CPU
		{548D5F27-9221-40FA-8632-6971BDED490C}.Release|x64.ActiveCfg = Release|Any CPU
		{548D5F27-9221-40FA-8632-6971BDED490C}.Release|x64.Build.0 = Release|Any CPU
		{548D5F27-9221-40FA-8632-6971BDED490C}.Release|x86.ActiveCfg = Release|Any CPU
		{548D5F27-9221-40FA-8632-6971BDED490C}.Release|x86.Build.0 = Release|Any CPU
		{26627B93-8106-4993-8BF6-1D3718D10D65}.Debug|Any CPU.ActiveCfg = Debug|Any CPU
		{26627B93-8106-4993-8BF6-1D3718D10D65}.Debug|Any CPU.Build.0 = Debug|Any CPU
		{26627B93-8106-4993-8BF6-1D3718D10D65}.Debug|x64.ActiveCfg = Debug|Any CPU
		{26627B93-8106-4993-8BF6-1D3718D10D65}.Debug|x64.Build.0 = Debug|Any CPU
		{26627B93-8106-4993-8BF6-1D3718D10D65}.Debug|x86.ActiveCfg = Debug|Any CPU
		{26627B93-8106-4993-8BF6-1D3718D10D65}.Debug|x86.Build.0 = Debug|Any CPU
		{26627B93-8106-4993-8BF6-1D3718D10D65}.Release|Any CPU.ActiveCfg = Release|Any CPU
		{26627B93-8106-4993-8BF6-1D3718D10D65}.Release|Any CPU.Build.0 = Release|Any CPU
		{26627B93-8106-4993-8BF6-1D3718D10D65}.Release|x64.ActiveCfg = Release|Any CPU
		{26627B93-8106-4993-8BF6-1D3718D10D65}.Release|x64.Build.0 = Release|Any CPU
		{26627B93-8106-4993-8BF6-1D3718D10D65}.Release|x86.ActiveCfg = Release|Any CPU
		{26627B93-8106-4993-8BF6-1D3718D10D65}.Release|x86.Build.0 = Release|Any CPU
		{CAD6C9DE-973E-44F1-81D7-392B5035908B}.Debug|Any CPU.ActiveCfg = Debug|Any CPU
		{CAD6C9DE-973E-44F1-81D7-392B5035908B}.Debug|Any CPU.Build.0 = Debug|Any CPU
		{CAD6C9DE-973E-44F1-81D7-392B5035908B}.Debug|x64.ActiveCfg = Debug|Any CPU
		{CAD6C9DE-973E-44F1-81D7-392B5035908B}.Debug|x64.Build.0 = Debug|Any CPU
		{CAD6C9DE-973E-44F1-81D7-392B5035908B}.Debug|x86.ActiveCfg = Debug|Any CPU
		{CAD6C9DE-973E-44F1-81D7-392B5035908B}.Debug|x86.Build.0 = Debug|Any CPU
		{CAD6C9DE-973E-44F1-81D7-392B5035908B}.Release|Any CPU.ActiveCfg = Release|Any CPU
		{CAD6C9DE-973E-44F1-81D7-392B5035908B}.Release|Any CPU.Build.0 = Release|Any CPU
		{CAD6C9DE-973E-44F1-81D7-392B5035908B}.Release|x64.ActiveCfg = Release|Any CPU
		{CAD6C9DE-973E-44F1-81D7-392B5035908B}.Release|x64.Build.0 = Release|Any CPU
		{CAD6C9DE-973E-44F1-81D7-392B5035908B}.Release|x86.ActiveCfg = Release|Any CPU
		{CAD6C9DE-973E-44F1-81D7-392B5035908B}.Release|x86.Build.0 = Release|Any CPU
	EndGlobalSection
	GlobalSection(SolutionProperties) = preSolution
		HideSolutionNode = FALSE
	EndGlobalSection
	GlobalSection(NestedProjects) = preSolution
		{B34E5299-798E-49EF-A2A1-91CA91676101} = {827E0CD3-B72D-47B6-A68D-7590B98EB39B}
		{FC710E7B-37C9-426E-A62C-D6430B06AF7D} = {827E0CD3-B72D-47B6-A68D-7590B98EB39B}
		{EC724759-9032-4796-B25D-654234234049} = {827E0CD3-B72D-47B6-A68D-7590B98EB39B}
		{548D5F27-9221-40FA-8632-6971BDED490C} = {827E0CD3-B72D-47B6-A68D-7590B98EB39B}
		{26627B93-8106-4993-8BF6-1D3718D10D65} = {0AB3BF05-4346-4AA6-1389-037BE0695223}
		{CAD6C9DE-973E-44F1-81D7-392B5035908B} = {0AB3BF05-4346-4AA6-1389-037BE0695223}
	EndGlobalSection
EndGlobal
